
Microsoft Visual Studio Solution File, Format Version 12.00
# Visual Studio Version 17
VisualStudioVersion = 17.6.33815.320
MinimumVisualStudioVersion = 10.0.40219.1
Project("{FAE04EC0-301F-11D3-BF4B-00C04F79EFBC}") = "WebhookSender", "WebhookSender\WebhookSender.csproj", "{4752B18C-EAAF-4CC2-8362-B6F241F3C134}"
EndProject
Global
	GlobalSection(SolutionConfigurationPlatforms) = preSolution
		Debug|Any CPU = Debug|Any CPU
		Release|Any CPU = Release|Any CPU
	EndGlobalSection
	GlobalSection(ProjectConfigurationPlatforms) = postSolution
		{4752B18C-EAAF-4CC2-8362-B6F241F3C134}.Debug|Any CPU.ActiveCfg = Debug|Any CPU
		{4752B18C-EAAF-4CC2-8362-B6F241F3C134}.Debug|Any CPU.Build.0 = Debug|Any CPU
		{4752B18C-EAAF-4CC2-8362-B6F241F3C134}.Release|Any CPU.ActiveCfg = Release|Any CPU
		{4752B18C-EAAF-4CC2-8362-B6F241F3C134}.Release|Any CPU.Build.0 = Release|Any CPU
	EndGlobalSection
	GlobalSection(SolutionProperties) = preSolution
		HideSolutionNode = FALSE
	EndGlobalSection
	GlobalSection(ExtensibilityGlobals) = postSolution
		SolutionGuid = {F8772BD8-B1D3-41C0-BABD-8FDE59704C80}
	EndGlobalSection
EndGlobal
